<?xml version="1.0" encoding="UTF-8" standalone="yes" ?>
<CodeBlocks_project_file>
	<FileVersion major="1" minor="6" />
	<Project>
		<Option title="claseBecario" />
		<Option pch_mode="2" />
		<Option compiler="gcc" />
		<Build>
			<Target title="Debug">
				<Option output="bin/Debug/claseBecario" prefix_auto="1" extension_auto="1" />
				<Option object_output="obj/Debug/" />
				<Option type="1" />
				<Option compiler="gcc" />
				<Compiler>
					<Add option="-g" />
				</Compiler>
			</Target>
			<Target title="Release">
				<Option output="bin/Release/claseBecario" prefix_auto="1" extension_auto="1" />
				<Option object_output="obj/Release/" />
				<Option type="1" />
				<Option compiler="gcc" />
				<Compiler>
					<Add option="-O2" />
				</Compiler>
				<Linker>
					<Add option="-s" />
				</Linker>
			</Target>
		</Build>
		<Compiler>
			<Add option="-Wall" />
			<Add option="-fexceptions" />
		</Compiler>
		<Unit filename="headers/claseBecario.h" />
		<Unit filename="headers/claseEmpleado.h" />
		<Unit filename="headers/claseEstudiante.h" />
		<Unit filename="headers/claseFecha.h" />
		<Unit filename="headers/clasePersona.h" />
		<Unit filename="main.cpp" />
		<Unit filename="metodosBecario.cpp" />
		<Unit filename="metodosEmpleado.cpp" />
		<Unit filename="metodosEstudiante.cpp" />
		<Unit filename="metodosFecha.cpp" />
		<Unit filename="metodosPersona.cpp" />
		<Extensions />
	</Project>
</CodeBlocks_project_file>
